
Microsoft Visual Studio Solution File, Format Version 12.00
Project("{FAE04EC0-301F-11D3-BF4B-00C04F79EFBC}") = "Adbrowser", "Adbrowser\Adbrowser.csproj", "{6227C829-7CF6-43D4-8A7D-8CC0F75CB628}"
EndProject
Global
	GlobalSection(SolutionConfigurationPlatforms) = preSolution
		Debug|Any CPU = Debug|Any CPU
		Release|Any CPU = Release|Any CPU
	EndGlobalSection
	GlobalSection(ProjectConfigurationPlatforms) = postSolution
		{6227C829-7CF6-43D4-8A7D-8CC0F75CB628}.Debug|Any CPU.ActiveCfg = Debug|Any CPU
		{6227C829-7CF6-43D4-8A7D-8CC0F75CB628}.Debug|Any CPU.Build.0 = Debug|Any CPU
		{6227C829-7CF6-43D4-8A7D-8CC0F75CB628}.Release|Any CPU.ActiveCfg = Release|Any CPU
		{6227C829-7CF6-43D4-8A7D-8CC0F75CB628}.Release|Any CPU.Build.0 = Release|Any CPU
	EndGlobalSection
EndGlobal
